
Microsoft Visual Studio Solution File, Format Version 12.00
# Visual Studio Version 17
VisualStudioVersion = 17.4.33403.182
MinimumVisualStudioVersion = 10.0.40219.1
Project("{FAE04EC0-301F-11D3-BF4B-00C04F79EFBC}") = "EpsilonLocal", "EpsilonLocal\EpsilonLocal.csproj", "{1226704A-ABD1-4ED5-8981-47EA8FDD6EDE}"
EndProject
Global
	GlobalSection(SolutionConfigurationPlatforms) = preSolution
		Debug|Any CPU = Debug|Any CPU
		Release|Any CPU = Release|Any CPU
	EndGlobalSection
	GlobalSection(ProjectConfigurationPlatforms) = postSolution
		{1226704A-ABD1-4ED5-8981-47EA8FDD6EDE}.Debug|Any CPU.ActiveCfg = Debug|Any CPU
		{1226704A-ABD1-4ED5-8981-47EA8FDD6EDE}.Debug|Any CPU.Build.0 = Debug|Any CPU
		{1226704A-ABD1-4ED5-8981-47EA8FDD6EDE}.Release|Any CPU.ActiveCfg = Release|Any CPU
		{1226704A-ABD1-4ED5-8981-47EA8FDD6EDE}.Release|Any CPU.Build.0 = Release|Any CPU
	EndGlobalSection
	GlobalSection(SolutionProperties) = preSolution
		HideSolutionNode = FALSE
	EndGlobalSection
	GlobalSection(ExtensibilityGlobals) = postSolution
		SolutionGuid = {858D77CD-85DD-43DA-8C9D-29D8A92EB0CA}
	EndGlobalSection
EndGlobal
